
Microsoft Visual Studio Solution File, Format Version 12.00
# Visual Studio Version 17
VisualStudioVersion = 17.1.32407.343
MinimumVisualStudioVersion = 10.0.40219.1
Project("{FAE04EC0-301F-11D3-BF4B-00C04F79EFBC}") = "MVC_eCommerce_Ashley_Furniture_Project", "MVC_eCommerce_Ashley_Furniture_Project\MVC_eCommerce_Ashley_Furniture_Project.csproj", "{94AADD76-D4B0-49C2-A729-DA407DAA4861}"
EndProject
Global
	GlobalSection(SolutionConfigurationPlatforms) = preSolution
		Debug|Any CPU = Debug|Any CPU
		Release|Any CPU = Release|Any CPU
	EndGlobalSection
	GlobalSection(ProjectConfigurationPlatforms) = postSolution
		{94AADD76-D4B0-49C2-A729-DA407DAA4861}.Debug|Any CPU.ActiveCfg = Debug|Any CPU
		{94AADD76-D4B0-49C2-A729-DA407DAA4861}.Debug|Any CPU.Build.0 = Debug|Any CPU
		{94AADD76-D4B0-49C2-A729-DA407DAA4861}.Release|Any CPU.ActiveCfg = Release|Any CPU
		{94AADD76-D4B0-49C2-A729-DA407DAA4861}.Release|Any CPU.Build.0 = Release|Any CPU
	EndGlobalSection
	GlobalSection(SolutionProperties) = preSolution
		HideSolutionNode = FALSE
	EndGlobalSection
	GlobalSection(ExtensibilityGlobals) = postSolution
		SolutionGuid = {3D6857EF-EEEA-4DAC-AB4B-99FB3C00C3C4}
	EndGlobalSection
EndGlobal
